
Microsoft Visual Studio Solution File, Format Version 12.00
# Visual Studio Version 17
VisualStudioVersion = 17.9.34607.119
MinimumVisualStudioVersion = 10.0.40219.1
Project("{9A19103F-16F7-4668-BE54-9A1E7A4F7556}") = "Web", "Web\Web.csproj", "{AF5C4F57-A9A4-4A1E-9695-F7992AF45E76}"
EndProject
Project("{9A19103F-16F7-4668-BE54-9A1E7A4F7556}") = "Domain", "Domain\Domain.csproj", "{649CDC02-8E20-4BCC-ADCB-19842024ED79}"
EndProject
Project("{9A19103F-16F7-4668-BE54-9A1E7A4F7556}") = "Service", "Service\Service.csproj", "{532F2144-6EA0-4A91-B73B-09D6BCD124DE}"
EndProject
Global
	GlobalSection(SolutionConfigurationPlatforms) = preSolution
		Debug|Any CPU = Debug|Any CPU
		Release|Any CPU = Release|Any CPU
	EndGlobalSection
	GlobalSection(ProjectConfigurationPlatforms) = postSolution
		{AF5C4F57-A9A4-4A1E-9695-F7992AF45E76}.Debug|Any CPU.ActiveCfg = Debug|Any CPU
		{AF5C4F57-A9A4-4A1E-9695-F7992AF45E76}.Debug|Any CPU.Build.0 = Debug|Any CPU
		{AF5C4F57-A9A4-4A1E-9695-F7992AF45E76}.Release|Any CPU.ActiveCfg = Release|Any CPU
		{AF5C4F57-A9A4-4A1E-9695-F7992AF45E76}.Release|Any CPU.Build.0 = Release|Any CPU
		{649CDC02-8E20-4BCC-ADCB-19842024ED79}.Debug|Any CPU.ActiveCfg = Debug|Any CPU
		{649CDC02-8E20-4BCC-ADCB-19842024ED79}.Debug|Any CPU.Build.0 = Debug|Any CPU
		{649CDC02-8E20-4BCC-ADCB-19842024ED79}.Release|Any CPU.ActiveCfg = Release|Any CPU
		{649CDC02-8E20-4BCC-ADCB-19842024ED79}.Release|Any CPU.Build.0 = Release|Any CPU
		{532F2144-6EA0-4A91-B73B-09D6BCD124DE}.Debug|Any CPU.ActiveCfg = Debug|Any CPU
		{532F2144-6EA0-4A91-B73B-09D6BCD124DE}.Debug|Any CPU.Build.0 = Debug|Any CPU
		{532F2144-6EA0-4A91-B73B-09D6BCD124DE}.Release|Any CPU.ActiveCfg = Release|Any CPU
		{532F2144-6EA0-4A91-B73B-09D6BCD124DE}.Release|Any CPU.Build.0 = Release|Any CPU
	EndGlobalSection
	GlobalSection(SolutionProperties) = preSolution
		HideSolutionNode = FALSE
	EndGlobalSection
	GlobalSection(ExtensibilityGlobals) = postSolution
		SolutionGuid = {C93B8DB1-69F4-4400-86BB-8D6345CAEE01}
	EndGlobalSection
EndGlobal
